<Solution>
  <Folder Name="/docs/">
    <File Path="AGENTS.md" />
    <File Path="Architecture.md" />
    <File Path="CLAUDE.md" />
    <File Path="CodingStandards.md" />
    <File Path="DesignDecisions.md" />
    <File Path="MCPIntegration.md" />
    <File Path="NamingConventions.md" />
    <File Path="Roadmap.md" />
    <File Path="TemplateEngine.md" />
    <File Path="ToolLifecycle.md" />
  </Folder>
  <Folder Name="/samples/" />
  <Folder Name="/Solution Items/">
    <File Path="README.md" />
  </Folder>
  <Folder Name="/src/">
    <Project Path="MCPTools.Console/MCPTools.Console.csproj" />
    <Project Path="MCPTools.Core/MCPTools.Core.csproj" />
    <Project Path="MCPTools.Tests/MCPTools.Tests.csproj" />
  </Folder>
</Solution>
